
Microsoft Visual Studio Solution File, Format Version 12.00
# Visual Studio Version 16
VisualStudioVersion = 16.0.29728.190
MinimumVisualStudioVersion = 10.0.40219.1
Project("{FAE04EC0-301F-11D3-BF4B-00C04F79EFBC}") = "CourseProject", "CourseProject\CourseProject.csproj", "{D181B754-C536-4110-8FA3-538441F8A983}"
EndProject
Project("{FAE04EC0-301F-11D3-BF4B-00C04F79EFBC}") = "CourseProject2", "CourseProject2\CourseProject2.csproj", "{5466F193-57E9-4F07-93D4-E6DE5543BE14}"
EndProject
Global
	GlobalSection(SolutionConfigurationPlatforms) = preSolution
		Debug|Any CPU = Debug|Any CPU
		Release|Any CPU = Release|Any CPU
	EndGlobalSection
	GlobalSection(ProjectConfigurationPlatforms) = postSolution
		{D181B754-C536-4110-8FA3-538441F8A983}.Debug|Any CPU.ActiveCfg = Debug|Any CPU
		{D181B754-C536-4110-8FA3-538441F8A983}.Debug|Any CPU.Build.0 = Debug|Any CPU
		{D181B754-C536-4110-8FA3-538441F8A983}.Release|Any CPU.ActiveCfg = Release|Any CPU
		{D181B754-C536-4110-8FA3-538441F8A983}.Release|Any CPU.Build.0 = Release|Any CPU
		{5466F193-57E9-4F07-93D4-E6DE5543BE14}.Debug|Any CPU.ActiveCfg = Debug|Any CPU
		{5466F193-57E9-4F07-93D4-E6DE5543BE14}.Debug|Any CPU.Build.0 = Debug|Any CPU
		{5466F193-57E9-4F07-93D4-E6DE5543BE14}.Release|Any CPU.ActiveCfg = Release|Any CPU
		{5466F193-57E9-4F07-93D4-E6DE5543BE14}.Release|Any CPU.Build.0 = Release|Any CPU
	EndGlobalSection
	GlobalSection(SolutionProperties) = preSolution
		HideSolutionNode = FALSE
	EndGlobalSection
	GlobalSection(ExtensibilityGlobals) = postSolution
		SolutionGuid = {7C4FDF8E-64DC-4A0B-9261-628E0C17A2E0}
	EndGlobalSection
EndGlobal
